
Microsoft Visual Studio Solution File, Format Version 12.00
# Visual Studio Version 17
VisualStudioVersion = 17.6.33829.357
MinimumVisualStudioVersion = 10.0.40219.1
Project("{FAE04EC0-301F-11D3-BF4B-00C04F79EFBC}") = "FastRest", "FastRest\FastRest.csproj", "{F1635C09-3CAE-4EEB-A431-D489BC4B5728}"
EndProject
Project("{FAE04EC0-301F-11D3-BF4B-00C04F79EFBC}") = "Core", "Core\Core.csproj", "{29E27664-7329-42E6-B4CD-4413E4224A4B}"
EndProject
Project("{FAE04EC0-301F-11D3-BF4B-00C04F79EFBC}") = "Service", "Service\Service.csproj", "{A24B0A41-817A-4DC8-B556-657FAB829490}"
EndProject
Global
	GlobalSection(SolutionConfigurationPlatforms) = preSolution
		Debug|Any CPU = Debug|Any CPU
		Release|Any CPU = Release|Any CPU
	EndGlobalSection
	GlobalSection(ProjectConfigurationPlatforms) = postSolution
		{F1635C09-3CAE-4EEB-A431-D489BC4B5728}.Debug|Any CPU.ActiveCfg = Debug|Any CPU
		{F1635C09-3CAE-4EEB-A431-D489BC4B5728}.Debug|Any CPU.Build.0 = Debug|Any CPU
		{F1635C09-3CAE-4EEB-A431-D489BC4B5728}.Release|Any CPU.ActiveCfg = Release|Any CPU
		{F1635C09-3CAE-4EEB-A431-D489BC4B5728}.Release|Any CPU.Build.0 = Release|Any CPU
		{29E27664-7329-42E6-B4CD-4413E4224A4B}.Debug|Any CPU.ActiveCfg = Debug|Any CPU
		{29E27664-7329-42E6-B4CD-4413E4224A4B}.Debug|Any CPU.Build.0 = Debug|Any CPU
		{29E27664-7329-42E6-B4CD-4413E4224A4B}.Release|Any CPU.ActiveCfg = Release|Any CPU
		{29E27664-7329-42E6-B4CD-4413E4224A4B}.Release|Any CPU.Build.0 = Release|Any CPU
		{A24B0A41-817A-4DC8-B556-657FAB829490}.Debug|Any CPU.ActiveCfg = Debug|Any CPU
		{A24B0A41-817A-4DC8-B556-657FAB829490}.Debug|Any CPU.Build.0 = Debug|Any CPU
		{A24B0A41-817A-4DC8-B556-657FAB829490}.Release|Any CPU.ActiveCfg = Release|Any CPU
		{A24B0A41-817A-4DC8-B556-657FAB829490}.Release|Any CPU.Build.0 = Release|Any CPU
	EndGlobalSection
	GlobalSection(SolutionProperties) = preSolution
		HideSolutionNode = FALSE
	EndGlobalSection
	GlobalSection(ExtensibilityGlobals) = postSolution
		SolutionGuid = {EB0B3611-637D-4358-93E4-A6C20DF23327}
	EndGlobalSection
EndGlobal
